PODS:
  - jetfire (0.1.5)
  - Loan_iOS_Custom_Framework (0.0.1):
    - Loan_iOS_Custom_Framework/Loan_OCFTFaceDetect (= 0.0.1)
  - Loan_iOS_Custom_Framework/Loan_OCFTFaceDetect (0.0.1)
  - MGJRouter (0.9.3)
  - OTBase (0.1.1):
    - jetfire (~> 0.1.2)
    - MGJRouter (~> 0.9.1)
  - SnapKit (3.2.0)
  - SocketRocket (0.5.1)
  - Then (2.3.0)
  - ZMBase (0.1.1):
    - SnapKit (~> 3.2.0)
    - SocketRocket (~> 0.5.1)
    - Then (~> 2.3.0)

DEPENDENCIES:
  - Loan_iOS_Custom_Framework (~> 0.0.1)
  - OTBase (~> 0.1.0)
  - ZMBase (~> 0.1.0)

SPEC REPOS:
  http://10.11.180.29/mobileDevelopers/YZT-Loan-Pod-Spec.git:
    - Loan_iOS_Custom_Framework
  https://github.com/CocoaPods/Specs.git:
    - jetfire
    - MGJRouter
    - OTBase
    - SnapKit
    - SocketRocket
    - Then
    - ZMBase

SPEC CHECKSUMS:
  jetfire: 60c16cd6ae0282928e24203eb93f03b89c1929ce
  Loan_iOS_Custom_Framework: 86fd12b033cd15aa82db6b2f533be8f5b926ccee
  MGJRouter: f65821e2aeffc8f9e84b254c8f1c0dd80f048aa9
  OTBase: b52221f4754c89c73ce7150c9343540edd5d1395
  SnapKit: 1ca44df72cfa543218d177cb8aab029d10d86ea7
  SocketRocket: d57c7159b83c3c6655745cd15302aa24b6bae531
  Then: ee21c97b85ff6062b9b0080c9abb1eea46743345
  ZMBase: 7bc1d5f038970830e68b0038fb44c46024b2aa6a

PODFILE CHECKSUM: 9ff3027f92dd7258c60b1e69a166a8fb31ddfcf4

COCOAPODS: 1.5.0
