// !$*UTF8*$!
{
	archiveVersion = 1;
	classes = {
	};
	objectVersion = 48;
	objects = {

/* Begin PBXBuildFile section */
		9BCF0914204D51F70047457D /* AppDelegate.swift in Sources */ = {isa = PBXBuildFile; fileRef = 9BCF0913204D51F70047457D /* AppDelegate.swift */; };
		9BCF0916204D51F70047457D /* ViewController.swift in Sources */ = {isa = PBXBuildFile; fileRef = 9BCF0915204D51F70047457D /* ViewController.swift */; };
		9BCF0919204D51F70047457D /* Main.storyboard in Resources */ = {isa = PBXBuildFile; fileRef = 9BCF0917204D51F70047457D /* Main.storyboard */; };
		9BCF091B204D51F70047457D /* Assets.xcassets in Resources */ = {isa = PBXBuildFile; fileRef = 9BCF091A204D51F70047457D /* Assets.xcassets */; };
		9BCF091E204D51F70047457D /* LaunchScreen.storyboard in Resources */ = {isa = PBXBuildFile; fileRef = 9BCF091C204D51F70047457D /* LaunchScreen.storyboard */; };
		D810B71D44642F9E16F3BA7D /* Pods_TestPodLib.framework in Frameworks */ = {isa = PBXBuildFile; fileRef = AC4F9003CF39256BCFAE3A7F /* Pods_TestPodLib.framework */; };
/* End PBXBuildFile section */

/* Begin PBXFileReference section */
		3C882125ED8702E2B09BECAD /* Pods-TestPodLib.debug.xcconfig */ = {isa = PBXFileReference; includeInIndex = 1; lastKnownFileType = text.xcconfig; name = "Pods-TestPodLib.debug.xcconfig"; path = "Pods/Target Support Files/Pods-TestPodLib/Pods-TestPodLib.debug.xcconfig"; sourceTree = "<group>"; };
		98E7F11846FF4BFF0C8EEDFF /* Pods-TestPodLib.release.xcconfig */ = {isa = PBXFileReference; includeInIndex = 1; lastKnownFileType = text.xcconfig; name = "Pods-TestPodLib.release.xcconfig"; path = "Pods/Target Support Files/Pods-TestPodLib/Pods-TestPodLib.release.xcconfig"; sourceTree = "<group>"; };
		9B1AB1E620A433AF00FC9D1E /* AVFoundation.framework */ = {isa = PBXFileReference; lastKnownFileType = wrapper.framework; name = AVFoundation.framework; path = System/Library/Frameworks/AVFoundation.framework; sourceTree = SDKROOT; };
		9BCF0910204D51F70047457D /* TestPodLib.app */ = {isa = PBXFileReference; explicitFileType = wrapper.application; includeInIndex = 0; path = TestPodLib.app; sourceTree = BUILT_PRODUCTS_DIR; };
		9BCF0913204D51F70047457D /* AppDelegate.swift */ = {isa = PBXFileReference; lastKnownFileType = sourcecode.swift; path = AppDelegate.swift; sourceTree = "<group>"; };
		9BCF0915204D51F70047457D /* ViewController.swift */ = {isa = PBXFileReference; lastKnownFileType = sourcecode.swift; path = ViewController.swift; sourceTree = "<group>"; };
		9BCF0918204D51F70047457D /* Base */ = {isa = PBXFileReference; lastKnownFileType = file.storyboard; name = Base; path = Base.lproj/Main.storyboard; sourceTree = "<group>"; };
		9BCF091A204D51F70047457D /* Assets.xcassets */ = {isa = PBXFileReference; lastKnownFileType = folder.assetcatalog; path = Assets.xcassets; sourceTree = "<group>"; };
		9BCF091D204D51F70047457D /* Base */ = {isa = PBXFileReference; lastKnownFileType = file.storyboard; name = Base; path = Base.lproj/LaunchScreen.storyboard; sourceTree = "<group>"; };
		9BCF091F204D51F70047457D /* Info.plist */ = {isa = PBXFileReference; lastKnownFileType = text.plist.xml; path = Info.plist; sourceTree = "<group>"; };
		AC4F9003CF39256BCFAE3A7F /* Pods_TestPodLib.framework */ = {isa = PBXFileReference; explicitFileType = wrapper.framework; includeInIndex = 0; path = Pods_TestPodLib.framework; sourceTree = BUILT_PRODUCTS_DIR; };
/* End PBXFileReference section */

/* Begin PBXFrameworksBuildPhase section */
		9BCF090D204D51F70047457D /* Frameworks */ = {
			isa = PBXFrameworksBuildPhase;
			buildActionMask = 2147483647;
			files = (
				D810B71D44642F9E16F3BA7D /* Pods_TestPodLib.framework in Frameworks */,
			);
			runOnlyForDeploymentPostprocessing = 0;
		};
/* End PBXFrameworksBuildPhase section */

/* Begin PBXGroup section */
		9BCF0907204D51F70047457D = {
			isa = PBXGroup;
			children = (
				9BCF0912204D51F70047457D /* TestPodLib */,
				9BCF0911204D51F70047457D /* Products */,
				F1BF7D5FEA79EA2A3F1A4A35 /* Pods */,
				AC2E417FAF4193BF30682625 /* Frameworks */,
			);
			sourceTree = "<group>";
		};
		9BCF0911204D51F70047457D /* Products */ = {
			isa = PBXGroup;
			children = (
				9BCF0910204D51F70047457D /* TestPodLib.app */,
			);
			name = Products;
			sourceTree = "<group>";
		};
		9BCF0912204D51F70047457D /* TestPodLib */ = {
			isa = PBXGroup;
			children = (
				9BCF0913204D51F70047457D /* AppDelegate.swift */,
				9BCF0915204D51F70047457D /* ViewController.swift */,
				9BCF0917204D51F70047457D /* Main.storyboard */,
				9BCF091A204D51F70047457D /* Assets.xcassets */,
				9BCF091C204D51F70047457D /* LaunchScreen.storyboard */,
				9BCF091F204D51F70047457D /* Info.plist */,
			);
			path = TestPodLib;
			sourceTree = "<group>";
		};
		AC2E417FAF4193BF30682625 /* Frameworks */ = {
			isa = PBXGroup;
			children = (
				9B1AB1E620A433AF00FC9D1E /* AVFoundation.framework */,
				AC4F9003CF39256BCFAE3A7F /* Pods_TestPodLib.framework */,
			);
			name = Frameworks;
			sourceTree = "<group>";
		};
		F1BF7D5FEA79EA2A3F1A4A35 /* Pods */ = {
			isa = PBXGroup;
			children = (
				3C882125ED8702E2B09BECAD /* Pods-TestPodLib.debug.xcconfig */,
				98E7F11846FF4BFF0C8EEDFF /* Pods-TestPodLib.release.xcconfig */,
			);
			name = Pods;
			sourceTree = "<group>";
		};
/* End PBXGroup section */

/* Begin PBXNativeTarget section */
		9BCF090F204D51F70047457D /* TestPodLib */ = {
			isa = PBXNativeTarget;
			buildConfigurationList = 9BCF0922204D51F70047457D /* Build configuration list for PBXNativeTarget "TestPodLib" */;
			buildPhases = (
				BED5714D4A5150A504FE4C93 /* [CP] Check Pods Manifest.lock */,
				9BCF090C204D51F70047457D /* Sources */,
				9BCF090D204D51F70047457D /* Frameworks */,
				9BCF090E204D51F70047457D /* Resources */,
			);
			buildRules = (
			);
			dependencies = (
			);
			name = TestPodLib;
			productName = TestPodLib;
			productReference = 9BCF0910204D51F70047457D /* TestPodLib.app */;
			productType = "com.apple.product-type.application";
		};
/* End PBXNativeTarget section */

/* Begin PBXProject section */
		9BCF0908204D51F70047457D /* Project object */ = {
			isa = PBXProject;
			attributes = {
				LastSwiftUpdateCheck = 0920;
				LastUpgradeCheck = 0920;
				ORGANIZATIONNAME = Miaoz;
				TargetAttributes = {
					9BCF090F204D51F70047457D = {
						CreatedOnToolsVersion = 9.2;
						ProvisioningStyle = Manual;
					};
				};
			};
			buildConfigurationList = 9BCF090B204D51F70047457D /* Build configuration list for PBXProject "TestPodLib" */;
			compatibilityVersion = "Xcode 8.0";
			developmentRegion = en;
			hasScannedForEncodings = 0;
			knownRegions = (
				en,
				Base,
			);
			mainGroup = 9BCF0907204D51F70047457D;
			productRefGroup = 9BCF0911204D51F70047457D /* Products */;
			projectDirPath = "";
			projectRoot = "";
			targets = (
				9BCF090F204D51F70047457D /* TestPodLib */,
			);
		};
/* End PBXProject section */

/* Begin PBXResourcesBuildPhase section */
		9BCF090E204D51F70047457D /* Resources */ = {
			isa = PBXResourcesBuildPhase;
			buildActionMask = 2147483647;
			files = (
				9BCF091E204D51F70047457D /* LaunchScreen.storyboard in Resources */,
				9BCF091B204D51F70047457D /* Assets.xcassets in Resources */,
				9BCF0919204D51F70047457D /* Main.storyboard in Resources */,
			);
			runOnlyForDeploymentPostprocessing = 0;
		};
/* End PBXResourcesBuildPhase section */

/* Begin PBXShellScriptBuildPhase section */
		BED5714D4A5150A504FE4C93 /* [CP] Check Pods Manifest.lock */ = {
			isa = PBXShellScriptBuildPhase;
			buildActionMask = 2147483647;
			files = (
			);
			inputPaths = (
				"${PODS_PODFILE_DIR_PATH}/Podfile.lock",
				"${PODS_ROOT}/Manifest.lock",
			);
			name = "[CP] Check Pods Manifest.lock";
			outputPaths = (
				"$(DERIVED_FILE_DIR)/Pods-TestPodLib-checkManifestLockResult.txt",
			);
			runOnlyForDeploymentPostprocessing = 0;
			shellPath = /bin/sh;
			shellScript = "diff \"${PODS_PODFILE_DIR_PATH}/Podfile.lock\" \"${PODS_ROOT}/Manifest.lock\" > /dev/null\nif [ $? != 0 ] ; then\n    # print error to STDERR\n    echo \"error: The sandbox is not in sync with the Podfile.lock. Run 'pod install' or update your CocoaPods installation.\" >&2\n    exit 1\nfi\n# This output is used by Xcode 'outputs' to avoid re-running this script phase.\necho \"SUCCESS\" > \"${SCRIPT_OUTPUT_FILE_0}\"\n";
			showEnvVarsInLog = 0;
		};
/* End PBXShellScriptBuildPhase section */

/* Begin PBXSourcesBuildPhase section */
		9BCF090C204D51F70047457D /* Sources */ = {
			isa = PBXSourcesBuildPhase;
			buildActionMask = 2147483647;
			files = (
				9BCF0916204D51F70047457D /* ViewController.swift in Sources */,
				9BCF0914204D51F70047457D /* AppDelegate.swift in Sources */,
			);
			runOnlyForDeploymentPostprocessing = 0;
		};
/* End PBXSourcesBuildPhase section */

/* Begin PBXVariantGroup section */
		9BCF0917204D51F70047457D /* Main.storyboard */ = {
			isa = PBXVariantGroup;
			children = (
				9BCF0918204D51F70047457D /* Base */,
			);
			name = Main.storyboard;
			sourceTree = "<group>";
		};
		9BCF091C204D51F70047457D /* LaunchScreen.storyboard */ = {
			isa = PBXVariantGroup;
			children = (
				9BCF091D204D51F70047457D /* Base */,
			);
			name = LaunchScreen.storyboard;
			sourceTree = "<group>";
		};
/* End PBXVariantGroup section */

/* Begin XCBuildConfiguration section */
		9BCF0920204D51F70047457D /* Debug */ = {
			isa = XCBuildConfiguration;
			buildSettings = {
				ALWAYS_SEARCH_USER_PATHS = NO;
				CLANG_ANALYZER_NONNULL = YES;
				CLANG_ANALYZER_NUMBER_OBJECT_CONVERSION = YES_AGGRESSIVE;
				CLANG_CXX_LANGUAGE_STANDARD = "gnu++14";
				CLANG_CXX_LIBRARY = "libc++";
				CLANG_ENABLE_MODULES = YES;
				CLANG_ENABLE_OBJC_ARC = YES;
				CLANG_WARN_BLOCK_CAPTURE_AUTORELEASING = YES;
				CLANG_WARN_BOOL_CONVERSION = YES;
				CLANG_WARN_COMMA = YES;
				CLANG_WARN_CONSTANT_CONVERSION = YES;
				CLANG_WARN_DIRECT_OBJC_ISA_USAGE = YES_ERROR;
				CLANG_WARN_DOCUMENTATION_COMMENTS = YES;
				CLANG_WARN_EMPTY_BODY = YES;
				CLANG_WARN_ENUM_CONVERSION = YES;
				CLANG_WARN_INFINITE_RECURSION = YES;
				CLANG_WARN_INT_CONVERSION = YES;
				CLANG_WARN_NON_LITERAL_NULL_CONVERSION = YES;
				CLANG_WARN_OBJC_LITERAL_CONVERSION = YES;
				CLANG_WARN_OBJC_ROOT_CLASS = YES_ERROR;
				CLANG_WARN_RANGE_LOOP_ANALYSIS = YES;
				CLANG_WARN_STRICT_PROTOTYPES = YES;
				CLANG_WARN_SUSPICIOUS_MOVE = YES;
				CLANG_WARN_UNGUARDED_AVAILABILITY = YES_AGGRESSIVE;
				CLANG_WARN_UNREACHABLE_CODE = YES;
				CLANG_WARN__DUPLICATE_METHOD_MATCH = YES;
				CODE_SIGN_IDENTITY = "iPhone Developer";
				COPY_PHASE_STRIP = NO;
				DEBUG_INFORMATION_FORMAT = dwarf;
				ENABLE_STRICT_OBJC_MSGSEND = YES;
				ENABLE_TESTABILITY = YES;
				GCC_C_LANGUAGE_STANDARD = gnu11;
				GCC_DYNAMIC_NO_PIC = NO;
				GCC_NO_COMMON_BLOCKS = YES;
				GCC_OPTIMIZATION_LEVEL = 0;
				GCC_PREPROCESSOR_DEFINITIONS = (
					"DEBUG=1",
					"$(inherited)",
				);
				GCC_WARN_64_TO_32_BIT_CONVERSION = YES;
				GCC_WARN_ABOUT_RETURN_TYPE = YES_ERROR;
				GCC_WARN_UNDECLARED_SELECTOR = YES;
				GCC_WARN_UNINITIALIZED_AUTOS = YES_AGGRESSIVE;
				GCC_WARN_UNUSED_FUNCTION = YES;
				GCC_WARN_UNUSED_VARIABLE = YES;
				IPHONEOS_DEPLOYMENT_TARGET = 11.2;
				MTL_ENABLE_DEBUG_INFO = YES;
				ONLY_ACTIVE_ARCH = YES;
				SDKROOT = iphoneos;
				SWIFT_ACTIVE_COMPILATION_CONDITIONS = DEBUG;
				SWIFT_OPTIMIZATION_LEVEL = "-Onone";
			};
			name = Debug;
		};
		9BCF0921204D51F70047457D /* Release */ = {
			isa = XCBuildConfiguration;
			buildSettings = {
				ALWAYS_SEARCH_USER_PATHS = NO;
				CLANG_ANALYZER_NONNULL = YES;
				CLANG_ANALYZER_NUMBER_OBJECT_CONVERSION = YES_AGGRESSIVE;
				CLANG_CXX_LANGUAGE_STANDARD = "gnu++14";
				CLANG_CXX_LIBRARY = "libc++";
				CLANG_ENABLE_MODULES = YES;
				CLANG_ENABLE_OBJC_ARC = YES;
				CLANG_WARN_BLOCK_CAPTURE_AUTORELEASING = YES;
				CLANG_WARN_BOOL_CONVERSION = YES;
				CLANG_WARN_COMMA = YES;
				CLANG_WARN_CONSTANT_CONVERSION = YES;
				CLANG_WARN_DIRECT_OBJC_ISA_USAGE = YES_ERROR;
				CLANG_WARN_DOCUMENTATION_COMMENTS = YES;
				CLANG_WARN_EMPTY_BODY = YES;
				CLANG_WARN_ENUM_CONVERSION = YES;
				CLANG_WARN_INFINITE_RECURSION = YES;
				CLANG_WARN_INT_CONVERSION = YES;
				CLANG_WARN_NON_LITERAL_NULL_CONVERSION = YES;
				CLANG_WARN_OBJC_LITERAL_CONVERSION = YES;
				CLANG_WARN_OBJC_ROOT_CLASS = YES_ERROR;
				CLANG_WARN_RANGE_LOOP_ANALYSIS = YES;
				CLANG_WARN_STRICT_PROTOTYPES = YES;
				CLANG_WARN_SUSPICIOUS_MOVE = YES;
				CLANG_WARN_UNGUARDED_AVAILABILITY = YES_AGGRESSIVE;
				CLANG_WARN_UNREACHABLE_CODE = YES;
				CLANG_WARN__DUPLICATE_METHOD_MATCH = YES;
				CODE_SIGN_IDENTITY = "iPhone Developer";
				COPY_PHASE_STRIP = NO;
				DEBUG_INFORMATION_FORMAT = "dwarf-with-dsym";
				ENABLE_NS_ASSERTIONS = NO;
				ENABLE_STRICT_OBJC_MSGSEND = YES;
				GCC_C_LANGUAGE_STANDARD = gnu11;
				GCC_NO_COMMON_BLOCKS = YES;
				GCC_WARN_64_TO_32_BIT_CONVERSION = YES;
				GCC_WARN_ABOUT_RETURN_TYPE = YES_ERROR;
				GCC_WARN_UNDECLARED_SELECTOR = YES;
				GCC_WARN_UNINITIALIZED_AUTOS = YES_AGGRESSIVE;
				GCC_WARN_UNUSED_FUNCTION = YES;
				GCC_WARN_UNUSED_VARIABLE = YES;
				IPHONEOS_DEPLOYMENT_TARGET = 11.2;
				MTL_ENABLE_DEBUG_INFO = NO;
				SDKROOT = iphoneos;
				SWIFT_OPTIMIZATION_LEVEL = "-Owholemodule";
				VALIDATE_PRODUCT = YES;
			};
			name = Release;
		};
		9BCF0923204D51F70047457D /* Debug */ = {
			isa = XCBuildConfiguration;
			baseConfigurationReference = 3C882125ED8702E2B09BECAD /* Pods-TestPodLib.debug.xcconfig */;
			buildSettings = {
				ASSETCATALOG_COMPILER_APPICON_NAME = AppIcon;
				CODE_SIGN_IDENTITY = "iPhone Developer: huang shiguang (P4M8L4H7K2)";
				CODE_SIGN_STYLE = Manual;
				DEVELOPMENT_TEAM = "";
				ENABLE_BITCODE = NO;
				INFOPLIST_FILE = TestPodLib/Info.plist;
				LD_RUNPATH_SEARCH_PATHS = "$(inherited) @executable_path/Frameworks";
				PRODUCT_BUNDLE_IDENTIFIER = cn.com.PersonalCenter;
				PRODUCT_NAME = "$(TARGET_NAME)";
				PROVISIONING_PROFILE_SPECIFIER = devPersonalCenter;
				SWIFT_VERSION = 4.0;
				TARGETED_DEVICE_FAMILY = "1,2";
			};
			name = Debug;
		};
		9BCF0924204D51F70047457D /* Release */ = {
			isa = XCBuildConfiguration;
			baseConfigurationReference = 98E7F11846FF4BFF0C8EEDFF /* Pods-TestPodLib.release.xcconfig */;
			buildSettings = {
				ASSETCATALOG_COMPILER_APPICON_NAME = AppIcon;
				CODE_SIGN_IDENTITY = "iPhone Developer: huang shiguang (P4M8L4H7K2)";
				CODE_SIGN_STYLE = Manual;
				DEVELOPMENT_TEAM = "";
				ENABLE_BITCODE = NO;
				INFOPLIST_FILE = TestPodLib/Info.plist;
				LD_RUNPATH_SEARCH_PATHS = "$(inherited) @executable_path/Frameworks";
				PRODUCT_BUNDLE_IDENTIFIER = cn.com.PersonalCenter;
				PRODUCT_NAME = "$(TARGET_NAME)";
				PROVISIONING_PROFILE_SPECIFIER = devPersonalCenter;
				SWIFT_VERSION = 4.0;
				TARGETED_DEVICE_FAMILY = "1,2";
			};
			name = Release;
		};
/* End XCBuildConfiguration section */

/* Begin XCConfigurationList section */
		9BCF090B204D51F70047457D /* Build configuration list for PBXProject "TestPodLib" */ = {
			isa = XCConfigurationList;
			buildConfigurations = (
				9BCF0920204D51F70047457D /* Debug */,
				9BCF0921204D51F70047457D /* Release */,
			);
			defaultConfigurationIsVisible = 0;
			defaultConfigurationName = Release;
		};
		9BCF0922204D51F70047457D /* Build configuration list for PBXNativeTarget "TestPodLib" */ = {
			isa = XCConfigurationList;
			buildConfigurations = (
				9BCF0923204D51F70047457D /* Debug */,
				9BCF0924204D51F70047457D /* Release */,
			);
			defaultConfigurationIsVisible = 0;
			defaultConfigurationName = Release;
		};
/* End XCConfigurationList section */
	};
	rootObject = 9BCF0908204D51F70047457D /* Project object */;
}
